
Microsoft Visual Studio Solution File, Format Version 12.00
# Visual Studio 14
VisualStudioVersion = 14.0.25420.1
MinimumVisualStudioVersion = 10.0.40219.1
Project("{888888A0-9F3D-457C-B088-3A5042F75D52}") = "FlowerClassification", "FlowerClassification\FlowerClassification.pyproj", "{148B07B6-9ACA-4FD9-8768-E7BBFE46F8FF}"
EndProject
Project("{888888A0-9F3D-457C-B088-3A5042F75D52}") = "ClothesClassification", "ClothesClassification\ClothesClassification.pyproj", "{3610458B-EF30-454B-821D-30AD5986CE44}"
EndProject
Global
	GlobalSection(SolutionConfigurationPlatforms) = preSolution
		Debug|Any CPU = Debug|Any CPU
		Release|Any CPU = Release|Any CPU
	EndGlobalSection
	GlobalSection(ProjectConfigurationPlatforms) = postSolution
		{148B07B6-9ACA-4FD9-8768-E7BBFE46F8FF}.Debug|Any CPU.ActiveCfg = Debug|Any CPU
		{148B07B6-9ACA-4FD9-8768-E7BBFE46F8FF}.Release|Any CPU.ActiveCfg = Release|Any CPU
		{3610458B-EF30-454B-821D-30AD5986CE44}.Debug|Any CPU.ActiveCfg = Debug|Any CPU
		{3610458B-EF30-454B-821D-30AD5986CE44}.Release|Any CPU.ActiveCfg = Release|Any CPU
	EndGlobalSection
	GlobalSection(SolutionProperties) = preSolution
		HideSolutionNode = FALSE
	EndGlobalSection
EndGlobal
